// !$*UTF8*$!
{
	archiveVersion = 1;
	classes = {
	};
	objectVersion = 77;
	objects = {

/* Begin PBXBuildFile section */
		900ACCDC2E1C94D200FFE3EC /* Lottie in Frameworks */ = {isa = PBXBuildFile; productRef = 900ACCDB2E1C94D200FFE3EC /* Lottie */; };
		900ACCF72E1C9E6200FFE3EC /* GoogleSignIn in Frameworks */ = {isa = PBXBuildFile; productRef = 900ACCF62E1C9E6200FFE3EC /* GoogleSignIn */; };
		900ACCF92E1C9E6200FFE3EC /* GoogleSignInSwift in Frameworks */ = {isa = PBXBuildFile; productRef = 900ACCF82E1C9E6200FFE3EC /* GoogleSignInSwift */; };
		900ACCFC2E1C9F9500FFE3EC /* FirebaseAnalytics in Frameworks */ = {isa = PBXBuildFile; productRef = 900ACCFB2E1C9F9500FFE3EC /* FirebaseAnalytics */; };
		900ACCFE2E1C9F9500FFE3EC /* FirebaseAuth in Frameworks */ = {isa = PBXBuildFile; productRef = 900ACCFD2E1C9F9500FFE3EC /* FirebaseAuth */; };
		900ACD002E1C9F9500FFE3EC /* FirebaseCore in Frameworks */ = {isa = PBXBuildFile; productRef = 900ACCFF2E1C9F9500FFE3EC /* FirebaseCore */; };
		900ACD022E1C9F9500FFE3EC /* FirebaseFirestore in Frameworks */ = {isa = PBXBuildFile; productRef = 900ACD012E1C9F9500FFE3EC /* FirebaseFirestore */; };
/* End PBXBuildFile section */

/* Begin PBXContainerItemProxy section */
		908302C82E1C09EB00985709 /* PBXContainerItemProxy */ = {
			isa = PBXContainerItemProxy;
			containerPortal = 908302B22E1C09EA00985709 /* Project object */;
			proxyType = 1;
			remoteGlobalIDString = 908302B92E1C09EA00985709;
			remoteInfo = Freelancing;
		};
		908302D22E1C09EB00985709 /* PBXContainerItemProxy */ = {
			isa = PBXContainerItemProxy;
			containerPortal = 908302B22E1C09EA00985709 /* Project object */;
			proxyType = 1;
			remoteGlobalIDString = 908302B92E1C09EA00985709;
			remoteInfo = Freelancing;
		};
/* End PBXContainerItemProxy section */

/* Begin PBXFileReference section */
		908302BA2E1C09EA00985709 /* Freelancing.app */ = {isa = PBXFileReference; explicitFileType = wrapper.application; includeInIndex = 0; path = Freelancing.app; sourceTree = BUILT_PRODUCTS_DIR; };
		908302C72E1C09EB00985709 /* FreelancingTests.xctest */ = {isa = PBXFileReference; explicitFileType = wrapper.cfbundle; includeInIndex = 0; path = FreelancingTests.xctest; sourceTree = BUILT_PRODUCTS_DIR; };
		908302D12E1C09EB00985709 /* FreelancingUITests.xctest */ = {isa = PBXFileReference; explicitFileType = wrapper.cfbundle; includeInIndex = 0; path = FreelancingUITests.xctest; sourceTree = BUILT_PRODUCTS_DIR; };
/* End PBXFileReference section */

/* Begin PBXFileSystemSynchronizedBuildFileExceptionSet section */
		900ACD0E2E1CA39D00FFE3EC /* Exceptions for "Freelancing" folder in "Freelancing" target */ = {
			isa = PBXFileSystemSynchronizedBuildFileExceptionSet;
			membershipExceptions = (
				Info.plist,
			);
			target = 908302B92E1C09EA00985709 /* Freelancing */;
		};
/* End PBXFileSystemSynchronizedBuildFileExceptionSet section */

/* Begin PBXFileSystemSynchronizedRootGroup section */
		908302BC2E1C09EA00985709 /* Freelancing */ = {
			isa = PBXFileSystemSynchronizedRootGroup;
			exceptions = (
				900ACD0E2E1CA39D00FFE3EC /* Exceptions for "Freelancing" folder in "Freelancing" target */,
			);
			path = Freelancing;
			sourceTree = "<group>";
		};
		908302CA2E1C09EB00985709 /* FreelancingTests */ = {
			isa = PBXFileSystemSynchronizedRootGroup;
			path = FreelancingTests;
			sourceTree = "<group>";
		};
		908302D42E1C09EB00985709 /* FreelancingUITests */ = {
			isa = PBXFileSystemSynchronizedRootGroup;
			path = FreelancingUITests;
			sourceTree = "<group>";
		};
/* End PBXFileSystemSynchronizedRootGroup section */

/* Begin PBXFrameworksBuildPhase section */
		908302B72E1C09EA00985709 /* Frameworks */ = {
			isa = PBXFrameworksBuildPhase;
			buildActionMask = 2147483647;
			files = (
				900ACCF92E1C9E6200FFE3EC /* GoogleSignInSwift in Frameworks */,
				900ACCFE2E1C9F9500FFE3EC /* FirebaseAuth in Frameworks */,
				900ACCDC2E1C94D200FFE3EC /* Lottie in Frameworks */,
				900ACCFC2E1C9F9500FFE3EC /* FirebaseAnalytics in Frameworks */,
				900ACD002E1C9F9500FFE3EC /* FirebaseCore in Frameworks */,
				900ACCF72E1C9E6200FFE3EC /* GoogleSignIn in Frameworks */,
				900ACD022E1C9F9500FFE3EC /* FirebaseFirestore in Frameworks */,
			);
			runOnlyForDeploymentPostprocessing = 0;
		};
		908302C42E1C09EB00985709 /* Frameworks */ = {
			isa = PBXFrameworksBuildPhase;
			buildActionMask = 2147483647;
			files = (
			);
			runOnlyForDeploymentPostprocessing = 0;
		};
		908302CE2E1C09EB00985709 /* Frameworks */ = {
			isa = PBXFrameworksBuildPhase;
			buildActionMask = 2147483647;
			files = (
			);
			runOnlyForDeploymentPostprocessing = 0;
		};
/* End PBXFrameworksBuildPhase section */

/* Begin PBXGroup section */
		908302B12E1C09EA00985709 = {
			isa = PBXGroup;
			children = (
				908302BC2E1C09EA00985709 /* Freelancing */,
				908302CA2E1C09EB00985709 /* FreelancingTests */,
				908302D42E1C09EB00985709 /* FreelancingUITests */,
				908302BB2E1C09EA00985709 /* Products */,
			);
			sourceTree = "<group>";
		};
		908302BB2E1C09EA00985709 /* Products */ = {
			isa = PBXGroup;
			children = (
				908302BA2E1C09EA00985709 /* Freelancing.app */,
				908302C72E1C09EB00985709 /* FreelancingTests.xctest */,
				908302D12E1C09EB00985709 /* FreelancingUITests.xctest */,
			);
			name = Products;
			sourceTree = "<group>";
		};
/* End PBXGroup section */

/* Begin PBXNativeTarget section */
		908302B92E1C09EA00985709 /* Freelancing */ = {
			isa = PBXNativeTarget;
			buildConfigurationList = 908302DB2E1C09EB00985709 /* Build configuration list for PBXNativeTarget "Freelancing" */;
			buildPhases = (
				908302B62E1C09EA00985709 /* Sources */,
				908302B72E1C09EA00985709 /* Frameworks */,
				908302B82E1C09EA00985709 /* Resources */,
			);
			buildRules = (
			);
			dependencies = (
			);
			fileSystemSynchronizedGroups = (
				908302BC2E1C09EA00985709 /* Freelancing */,
			);
			name = Freelancing;
			packageProductDependencies = (
				900ACCDB2E1C94D200FFE3EC /* Lottie */,
				900ACCF62E1C9E6200FFE3EC /* GoogleSignIn */,
				900ACCF82E1C9E6200FFE3EC /* GoogleSignInSwift */,
				900ACCFB2E1C9F9500FFE3EC /* FirebaseAnalytics */,
				900ACCFD2E1C9F9500FFE3EC /* FirebaseAuth */,
				900ACCFF2E1C9F9500FFE3EC /* FirebaseCore */,
				900ACD012E1C9F9500FFE3EC /* FirebaseFirestore */,
			);
			productName = Freelancing;
			productReference = 908302BA2E1C09EA00985709 /* Freelancing.app */;
			productType = "com.apple.product-type.application";
		};
		908302C62E1C09EB00985709 /* FreelancingTests */ = {
			isa = PBXNativeTarget;
			buildConfigurationList = 908302DE2E1C09EB00985709 /* Build configuration list for PBXNativeTarget "FreelancingTests" */;
			buildPhases = (
				908302C32E1C09EB00985709 /* Sources */,
				908302C42E1C09EB00985709 /* Frameworks */,
				908302C52E1C09EB00985709 /* Resources */,
			);
			buildRules = (
			);
			dependencies = (
				908302C92E1C09EB00985709 /* PBXTargetDependency */,
			);
			fileSystemSynchronizedGroups = (
				908302CA2E1C09EB00985709 /* FreelancingTests */,
			);
			name = FreelancingTests;
			packageProductDependencies = (
			);
			productName = FreelancingTests;
			productReference = 908302C72E1C09EB00985709 /* FreelancingTests.xctest */;
			productType = "com.apple.product-type.bundle.unit-test";
		};
		908302D02E1C09EB00985709 /* FreelancingUITests */ = {
			isa = PBXNativeTarget;
			buildConfigurationList = 908302E12E1C09EB00985709 /* Build configuration list for PBXNativeTarget "FreelancingUITests" */;
			buildPhases = (
				908302CD2E1C09EB00985709 /* Sources */,
				908302CE2E1C09EB00985709 /* Frameworks */,
				908302CF2E1C09EB00985709 /* Resources */,
			);
			buildRules = (
			);
			dependencies = (
				908302D32E1C09EB00985709 /* PBXTargetDependency */,
			);
			fileSystemSynchronizedGroups = (
				908302D42E1C09EB00985709 /* FreelancingUITests */,
			);
			name = FreelancingUITests;
			packageProductDependencies = (
			);
			productName = FreelancingUITests;
			productReference = 908302D12E1C09EB00985709 /* FreelancingUITests.xctest */;
			productType = "com.apple.product-type.bundle.ui-testing";
		};
/* End PBXNativeTarget section */

/* Begin PBXProject section */
		908302B22E1C09EA00985709 /* Project object */ = {
			isa = PBXProject;
			attributes = {
				BuildIndependentTargetsInParallel = 1;
				LastSwiftUpdateCheck = 1640;
				LastUpgradeCheck = 1640;
				TargetAttributes = {
					908302B92E1C09EA00985709 = {
						CreatedOnToolsVersion = 16.4;
					};
					908302C62E1C09EB00985709 = {
						CreatedOnToolsVersion = 16.4;
						TestTargetID = 908302B92E1C09EA00985709;
					};
					908302D02E1C09EB00985709 = {
						CreatedOnToolsVersion = 16.4;
						TestTargetID = 908302B92E1C09EA00985709;
					};
				};
			};
			buildConfigurationList = 908302B52E1C09EA00985709 /* Build configuration list for PBXProject "Freelancing" */;
			developmentRegion = en;
			hasScannedForEncodings = 0;
			knownRegions = (
				en,
				Base,
			);
			mainGroup = 908302B12E1C09EA00985709;
			minimizedProjectReferenceProxies = 1;
			packageReferences = (
				900ACCDA2E1C94D200FFE3EC /* XCRemoteSwiftPackageReference "lottie-ios" */,
				900ACCF52E1C9E6200FFE3EC /* XCRemoteSwiftPackageReference "GoogleSignIn-iOS" */,
				900ACCFA2E1C9F9500FFE3EC /* XCRemoteSwiftPackageReference "firebase-ios-sdk" */,
			);
			preferredProjectObjectVersion = 77;
			productRefGroup = 908302BB2E1C09EA00985709 /* Products */;
			projectDirPath = "";
			projectRoot = "";
			targets = (
				908302B92E1C09EA00985709 /* Freelancing */,
				908302C62E1C09EB00985709 /* FreelancingTests */,
				908302D02E1C09EB00985709 /* FreelancingUITests */,
			);
		};
/* End PBXProject section */

/* Begin PBXResourcesBuildPhase section */
		908302B82E1C09EA00985709 /* Resources */ = {
			isa = PBXResourcesBuildPhase;
			buildActionMask = 2147483647;
			files = (
			);
			runOnlyForDeploymentPostprocessing = 0;
		};
		908302C52E1C09EB00985709 /* Resources */ = {
			isa = PBXResourcesBuildPhase;
			buildActionMask = 2147483647;
			files = (
			);
			runOnlyForDeploymentPostprocessing = 0;
		};
		908302CF2E1C09EB00985709 /* Resources */ = {
			isa = PBXResourcesBuildPhase;
			buildActionMask = 2147483647;
			files = (
			);
			runOnlyForDeploymentPostprocessing = 0;
		};
/* End PBXResourcesBuildPhase section */

/* Begin PBXSourcesBuildPhase section */
		908302B62E1C09EA00985709 /* Sources */ = {
			isa = PBXSourcesBuildPhase;
			buildActionMask = 2147483647;
			files = (
			);
			runOnlyForDeploymentPostprocessing = 0;
		};
		908302C32E1C09EB00985709 /* Sources */ = {
			isa = PBXSourcesBuildPhase;
			buildActionMask = 2147483647;
			files = (
			);
			runOnlyForDeploymentPostprocessing = 0;
		};
		908302CD2E1C09EB00985709 /* Sources */ = {
			isa = PBXSourcesBuildPhase;
			buildActionMask = 2147483647;
			files = (
			);
			runOnlyForDeploymentPostprocessing = 0;
		};
/* End PBXSourcesBuildPhase section */

/* Begin PBXTargetDependency section */
		908302C92E1C09EB00985709 /* PBXTargetDependency */ = {
			isa = PBXTargetDependency;
			target = 908302B92E1C09EA00985709 /* Freelancing */;
			targetProxy = 908302C82E1C09EB00985709 /* PBXContainerItemProxy */;
		};
		908302D32E1C09EB00985709 /* PBXTargetDependency */ = {
			isa = PBXTargetDependency;
			target = 908302B92E1C09EA00985709 /* Freelancing */;
			targetProxy = 908302D22E1C09EB00985709 /* PBXContainerItemProxy */;
		};
/* End PBXTargetDependency section */

/* Begin XCBuildConfiguration section */
		908302D92E1C09EB00985709 /* Debug */ = {
			isa = XCBuildConfiguration;
			buildSettings = {
				ALWAYS_SEARCH_USER_PATHS = NO;
				ASSETCATALOG_COMPILER_GENERATE_SWIFT_ASSET_SYMBOL_EXTENSIONS = YES;
				CLANG_ANALYZER_NONNULL = YES;
				CLANG_ANALYZER_NUMBER_OBJECT_CONVERSION = YES_AGGRESSIVE;
				CLANG_CXX_LANGUAGE_STANDARD = "gnu++20";
				CLANG_ENABLE_MODULES = YES;
				CLANG_ENABLE_OBJC_ARC = YES;
				CLANG_ENABLE_OBJC_WEAK = YES;
				CLANG_WARN_BLOCK_CAPTURE_AUTORELEASING = YES;
				CLANG_WARN_BOOL_CONVERSION = YES;
				CLANG_WARN_COMMA = YES;
				CLANG_WARN_CONSTANT_CONVERSION = YES;
				CLANG_WARN_DEPRECATED_OBJC_IMPLEMENTATIONS = YES;
				CLANG_WARN_DIRECT_OBJC_ISA_USAGE = YES_ERROR;
				CLANG_WARN_DOCUMENTATION_COMMENTS = YES;
				CLANG_WARN_EMPTY_BODY = YES;
				CLANG_WARN_ENUM_CONVERSION = YES;
				CLANG_WARN_INFINITE_RECURSION = YES;
				CLANG_WARN_INT_CONVERSION = YES;
				CLANG_WARN_NON_LITERAL_NULL_CONVERSION = YES;
				CLANG_WARN_OBJC_IMPLICIT_RETAIN_SELF = YES;
				CLANG_WARN_OBJC_LITERAL_CONVERSION = YES;
				CLANG_WARN_OBJC_ROOT_CLASS = YES_ERROR;
				CLANG_WARN_QUOTED_INCLUDE_IN_FRAMEWORK_HEADER = YES;
				CLANG_WARN_RANGE_LOOP_ANALYSIS = YES;
				CLANG_WARN_STRICT_PROTOTYPES = YES;
				CLANG_WARN_SUSPICIOUS_MOVE = YES;
				CLANG_WARN_UNGUARDED_AVAILABILITY = YES_AGGRESSIVE;
				CLANG_WARN_UNREACHABLE_CODE = YES;
				CLANG_WARN__DUPLICATE_METHOD_MATCH = YES;
				COPY_PHASE_STRIP = NO;
				DEBUG_INFORMATION_FORMAT = dwarf;
				DEVELOPMENT_TEAM = 428T9SP6S4;
				ENABLE_STRICT_OBJC_MSGSEND = YES;
				ENABLE_TESTABILITY = YES;
				ENABLE_USER_SCRIPT_SANDBOXING = YES;
				GCC_C_LANGUAGE_STANDARD = gnu17;
				GCC_DYNAMIC_NO_PIC = NO;
				GCC_NO_COMMON_BLOCKS = YES;
				GCC_OPTIMIZATION_LEVEL = 0;
				GCC_PREPROCESSOR_DEFINITIONS = (
					"DEBUG=1",
					"$(inherited)",
				);
				GCC_WARN_64_TO_32_BIT_CONVERSION = YES;
				GCC_WARN_ABOUT_RETURN_TYPE = YES_ERROR;
				GCC_WARN_UNDECLARED_SELECTOR = YES;
				GCC_WARN_UNINITIALIZED_AUTOS = YES_AGGRESSIVE;
				GCC_WARN_UNUSED_FUNCTION = YES;
				GCC_WARN_UNUSED_VARIABLE = YES;
				IPHONEOS_DEPLOYMENT_TARGET = 18.5;
				LOCALIZATION_PREFERS_STRING_CATALOGS = YES;
				MTL_ENABLE_DEBUG_INFO = INCLUDE_SOURCE;
				MTL_FAST_MATH = YES;
				ONLY_ACTIVE_ARCH = YES;
				SDKROOT = iphoneos;
				SWIFT_ACTIVE_COMPILATION_CONDITIONS = "DEBUG $(inherited)";
				SWIFT_OPTIMIZATION_LEVEL = "-Onone";
			};
			name = Debug;
		};
		908302DA2E1C09EB00985709 /* Release */ = {
			isa = XCBuildConfiguration;
			buildSettings = {
				ALWAYS_SEARCH_USER_PATHS = NO;
				ASSETCATALOG_COMPILER_GENERATE_SWIFT_ASSET_SYMBOL_EXTENSIONS = YES;
				CLANG_ANALYZER_NONNULL = YES;
				CLANG_ANALYZER_NUMBER_OBJECT_CONVERSION = YES_AGGRESSIVE;
				CLANG_CXX_LANGUAGE_STANDARD = "gnu++20";
				CLANG_ENABLE_MODULES = YES;
				CLANG_ENABLE_OBJC_ARC = YES;
				CLANG_ENABLE_OBJC_WEAK = YES;
				CLANG_WARN_BLOCK_CAPTURE_AUTORELEASING = YES;
				CLANG_WARN_BOOL_CONVERSION = YES;
				CLANG_WARN_COMMA = YES;
				CLANG_WARN_CONSTANT_CONVERSION = YES;
				CLANG_WARN_DEPRECATED_OBJC_IMPLEMENTATIONS = YES;
				CLANG_WARN_DIRECT_OBJC_ISA_USAGE = YES_ERROR;
				CLANG_WARN_DOCUMENTATION_COMMENTS = YES;
				CLANG_WARN_EMPTY_BODY = YES;
				CLANG_WARN_ENUM_CONVERSION = YES;
				CLANG_WARN_INFINITE_RECURSION = YES;
				CLANG_WARN_INT_CONVERSION = YES;
				CLANG_WARN_NON_LITERAL_NULL_CONVERSION = YES;
				CLANG_WARN_OBJC_IMPLICIT_RETAIN_SELF = YES;
				CLANG_WARN_OBJC_LITERAL_CONVERSION = YES;
				CLANG_WARN_OBJC_ROOT_CLASS = YES_ERROR;
				CLANG_WARN_QUOTED_INCLUDE_IN_FRAMEWORK_HEADER = YES;
				CLANG_WARN_RANGE_LOOP_ANALYSIS = YES;
				CLANG_WARN_STRICT_PROTOTYPES = YES;
				CLANG_WARN_SUSPICIOUS_MOVE = YES;
				CLANG_WARN_UNGUARDED_AVAILABILITY = YES_AGGRESSIVE;
				CLANG_WARN_UNREACHABLE_CODE = YES;
				CLANG_WARN__DUPLICATE_METHOD_MATCH = YES;
				COPY_PHASE_STRIP = NO;
				DEBUG_INFORMATION_FORMAT = "dwarf-with-dsym";
				DEVELOPMENT_TEAM = 428T9SP6S4;
				ENABLE_NS_ASSERTIONS = NO;
				ENABLE_STRICT_OBJC_MSGSEND = YES;
				ENABLE_USER_SCRIPT_SANDBOXING = YES;
				GCC_C_LANGUAGE_STANDARD = gnu17;
				GCC_NO_COMMON_BLOCKS = YES;
				GCC_WARN_64_TO_32_BIT_CONVERSION = YES;
				GCC_WARN_ABOUT_RETURN_TYPE = YES_ERROR;
				GCC_WARN_UNDECLARED_SELECTOR = YES;
				GCC_WARN_UNINITIALIZED_AUTOS = YES_AGGRESSIVE;
				GCC_WARN_UNUSED_FUNCTION = YES;
				GCC_WARN_UNUSED_VARIABLE = YES;
				IPHONEOS_DEPLOYMENT_TARGET = 18.5;
				LOCALIZATION_PREFERS_STRING_CATALOGS = YES;
				MTL_ENABLE_DEBUG_INFO = NO;
				MTL_FAST_MATH = YES;
				SDKROOT = iphoneos;
				SWIFT_COMPILATION_MODE = wholemodule;
				VALIDATE_PRODUCT = YES;
			};
			name = Release;
		};
		908302DC2E1C09EB00985709 /* Debug */ = {
			isa = XCBuildConfiguration;
			buildSettings = {
				ASSETCATALOG_COMPILER_APPICON_NAME = AppIcon;
				ASSETCATALOG_COMPILER_GLOBAL_ACCENT_COLOR_NAME = AccentColor;
				CODE_SIGN_ENTITLEMENTS = Freelancing/Freelancing.entitlements;
				CODE_SIGN_STYLE = Automatic;
				CURRENT_PROJECT_VERSION = 1;
				DEVELOPMENT_TEAM = 428T9SP6S4;
				ENABLE_PREVIEWS = YES;
				GENERATE_INFOPLIST_FILE = YES;
				INFOPLIST_FILE = Freelancing/Info.plist;
				INFOPLIST_KEY_UIApplicationSceneManifest_Generation = YES;
				INFOPLIST_KEY_UIApplicationSupportsIndirectInputEvents = YES;
				INFOPLIST_KEY_UILaunchScreen_Generation = YES;
				INFOPLIST_KEY_UISupportedInterfaceOrientations_iPad = "UIInterfaceOrientationPortrait UIInterfaceOrientationPortraitUpsideDown UIInterfaceOrientationLandscapeLeft UIInterfaceOrientationLandscapeRight";
				INFOPLIST_KEY_UISupportedInterfaceOrientations_iPhone = "UIInterfaceOrientationPortrait UIInterfaceOrientationLandscapeLeft UIInterfaceOrientationLandscapeRight";
				LD_RUNPATH_SEARCH_PATHS = (
					"$(inherited)",
					"@executable_path/Frameworks",
				);
				MARKETING_VERSION = 1.0;
				PRODUCT_BUNDLE_IDENTIFIER = Manu.Freelancing;
				PRODUCT_NAME = "$(TARGET_NAME)";
				SWIFT_EMIT_LOC_STRINGS = YES;
				SWIFT_VERSION = 5.0;
				TARGETED_DEVICE_FAMILY = "1,2";
			};
			name = Debug;
		};
		908302DD2E1C09EB00985709 /* Release */ = {
			isa = XCBuildConfiguration;
			buildSettings = {
				ASSETCATALOG_COMPILER_APPICON_NAME = AppIcon;
				ASSETCATALOG_COMPILER_GLOBAL_ACCENT_COLOR_NAME = AccentColor;
				CODE_SIGN_ENTITLEMENTS = Freelancing/Freelancing.entitlements;
				CODE_SIGN_STYLE = Automatic;
				CURRENT_PROJECT_VERSION = 1;
				DEVELOPMENT_TEAM = 428T9SP6S4;
				ENABLE_PREVIEWS = YES;
				GENERATE_INFOPLIST_FILE = YES;
				INFOPLIST_FILE = Freelancing/Info.plist;
				INFOPLIST_KEY_UIApplicationSceneManifest_Generation = YES;
				INFOPLIST_KEY_UIApplicationSupportsIndirectInputEvents = YES;
				INFOPLIST_KEY_UILaunchScreen_Generation = YES;
				INFOPLIST_KEY_UISupportedInterfaceOrientations_iPad = "UIInterfaceOrientationPortrait UIInterfaceOrientationPortraitUpsideDown UIInterfaceOrientationLandscapeLeft UIInterfaceOrientationLandscapeRight";
				INFOPLIST_KEY_UISupportedInterfaceOrientations_iPhone = "UIInterfaceOrientationPortrait UIInterfaceOrientationLandscapeLeft UIInterfaceOrientationLandscapeRight";
				LD_RUNPATH_SEARCH_PATHS = (
					"$(inherited)",
					"@executable_path/Frameworks",
				);
				MARKETING_VERSION = 1.0;
				PRODUCT_BUNDLE_IDENTIFIER = Manu.Freelancing;
				PRODUCT_NAME = "$(TARGET_NAME)";
				SWIFT_EMIT_LOC_STRINGS = YES;
				SWIFT_VERSION = 5.0;
				TARGETED_DEVICE_FAMILY = "1,2";
			};
			name = Release;
		};
		908302DF2E1C09EB00985709 /* Debug */ = {
			isa = XCBuildConfiguration;
			buildSettings = {
				BUNDLE_LOADER = "$(TEST_HOST)";
				CODE_SIGN_STYLE = Automatic;
				CURRENT_PROJECT_VERSION = 1;
				DEVELOPMENT_TEAM = 428T9SP6S4;
				GENERATE_INFOPLIST_FILE = YES;
				IPHONEOS_DEPLOYMENT_TARGET = 18.5;
				MARKETING_VERSION = 1.0;
				PRODUCT_BUNDLE_IDENTIFIER = Manu.FreelancingTests;
				PRODUCT_NAME = "$(TARGET_NAME)";
				SWIFT_EMIT_LOC_STRINGS = NO;
				SWIFT_VERSION = 5.0;
				TARGETED_DEVICE_FAMILY = "1,2";
				TEST_HOST = "$(BUILT_PRODUCTS_DIR)/Freelancing.app/$(BUNDLE_EXECUTABLE_FOLDER_PATH)/Freelancing";
			};
			name = Debug;
		};
		908302E02E1C09EB00985709 /* Release */ = {
			isa = XCBuildConfiguration;
			buildSettings = {
				BUNDLE_LOADER = "$(TEST_HOST)";
				CODE_SIGN_STYLE = Automatic;
				CURRENT_PROJECT_VERSION = 1;
				DEVELOPMENT_TEAM = 428T9SP6S4;
				GENERATE_INFOPLIST_FILE = YES;
				IPHONEOS_DEPLOYMENT_TARGET = 18.5;
				MARKETING_VERSION = 1.0;
				PRODUCT_BUNDLE_IDENTIFIER = Manu.FreelancingTests;
				PRODUCT_NAME = "$(TARGET_NAME)";
				SWIFT_EMIT_LOC_STRINGS = NO;
				SWIFT_VERSION = 5.0;
				TARGETED_DEVICE_FAMILY = "1,2";
				TEST_HOST = "$(BUILT_PRODUCTS_DIR)/Freelancing.app/$(BUNDLE_EXECUTABLE_FOLDER_PATH)/Freelancing";
			};
			name = Release;
		};
		908302E22E1C09EB00985709 /* Debug */ = {
			isa = XCBuildConfiguration;
			buildSettings = {
				CODE_SIGN_STYLE = Automatic;
				CURRENT_PROJECT_VERSION = 1;
				DEVELOPMENT_TEAM = 428T9SP6S4;
				GENERATE_INFOPLIST_FILE = YES;
				MARKETING_VERSION = 1.0;
				PRODUCT_BUNDLE_IDENTIFIER = Manu.FreelancingUITests;
				PRODUCT_NAME = "$(TARGET_NAME)";
				SWIFT_EMIT_LOC_STRINGS = NO;
				SWIFT_VERSION = 5.0;
				TARGETED_DEVICE_FAMILY = "1,2";
				TEST_TARGET_NAME = Freelancing;
			};
			name = Debug;
		};
		908302E32E1C09EB00985709 /* Release */ = {
			isa = XCBuildConfiguration;
			buildSettings = {
				CODE_SIGN_STYLE = Automatic;
				CURRENT_PROJECT_VERSION = 1;
				DEVELOPMENT_TEAM = 428T9SP6S4;
				GENERATE_INFOPLIST_FILE = YES;
				MARKETING_VERSION = 1.0;
				PRODUCT_BUNDLE_IDENTIFIER = Manu.FreelancingUITests;
				PRODUCT_NAME = "$(TARGET_NAME)";
				SWIFT_EMIT_LOC_STRINGS = NO;
				SWIFT_VERSION = 5.0;
				TARGETED_DEVICE_FAMILY = "1,2";
				TEST_TARGET_NAME = Freelancing;
			};
			name = Release;
		};
/* End XCBuildConfiguration section */

/* Begin XCConfigurationList section */
		908302B52E1C09EA00985709 /* Build configuration list for PBXProject "Freelancing" */ = {
			isa = XCConfigurationList;
			buildConfigurations = (
				908302D92E1C09EB00985709 /* Debug */,
				908302DA2E1C09EB00985709 /* Release */,
			);
			defaultConfigurationIsVisible = 0;
			defaultConfigurationName = Release;
		};
		908302DB2E1C09EB00985709 /* Build configuration list for PBXNativeTarget "Freelancing" */ = {
			isa = XCConfigurationList;
			buildConfigurations = (
				908302DC2E1C09EB00985709 /* Debug */,
				908302DD2E1C09EB00985709 /* Release */,
			);
			defaultConfigurationIsVisible = 0;
			defaultConfigurationName = Release;
		};
		908302DE2E1C09EB00985709 /* Build configuration list for PBXNativeTarget "FreelancingTests" */ = {
			isa = XCConfigurationList;
			buildConfigurations = (
				908302DF2E1C09EB00985709 /* Debug */,
				908302E02E1C09EB00985709 /* Release */,
			);
			defaultConfigurationIsVisible = 0;
			defaultConfigurationName = Release;
		};
		908302E12E1C09EB00985709 /* Build configuration list for PBXNativeTarget "FreelancingUITests" */ = {
			isa = XCConfigurationList;
			buildConfigurations = (
				908302E22E1C09EB00985709 /* Debug */,
				908302E32E1C09EB00985709 /* Release */,
			);
			defaultConfigurationIsVisible = 0;
			defaultConfigurationName = Release;
		};
/* End XCConfigurationList section */

/* Begin XCRemoteSwiftPackageReference section */
		900ACCDA2E1C94D200FFE3EC /* XCRemoteSwiftPackageReference "lottie-ios" */ = {
			isa = XCRemoteSwiftPackageReference;
			repositoryURL = "https://github.com/airbnb/lottie-ios.git";
			requirement = {
				kind = upToNextMajorVersion;
				minimumVersion = 4.5.2;
			};
		};
		900ACCF52E1C9E6200FFE3EC /* XCRemoteSwiftPackageReference "GoogleSignIn-iOS" */ = {
			isa = XCRemoteSwiftPackageReference;
			repositoryURL = "https://github.com/google/GoogleSignIn-iOS.git";
			requirement = {
				kind = upToNextMajorVersion;
				minimumVersion = 9.0.0;
			};
		};
		900ACCFA2E1C9F9500FFE3EC /* XCRemoteSwiftPackageReference "firebase-ios-sdk" */ = {
			isa = XCRemoteSwiftPackageReference;
			repositoryURL = "https://github.com/firebase/firebase-ios-sdk.git";
			requirement = {
				kind = upToNextMajorVersion;
				minimumVersion = 11.15.0;
			};
		};
/* End XCRemoteSwiftPackageReference section */

/* Begin XCSwiftPackageProductDependency section */
		900ACCDB2E1C94D200FFE3EC /* Lottie */ = {
			isa = XCSwiftPackageProductDependency;
			package = 900ACCDA2E1C94D200FFE3EC /* XCRemoteSwiftPackageReference "lottie-ios" */;
			productName = Lottie;
		};
		900ACCF62E1C9E6200FFE3EC /* GoogleSignIn */ = {
			isa = XCSwiftPackageProductDependency;
			package = 900ACCF52E1C9E6200FFE3EC /* XCRemoteSwiftPackageReference "GoogleSignIn-iOS" */;
			productName = GoogleSignIn;
		};
		900ACCF82E1C9E6200FFE3EC /* GoogleSignInSwift */ = {
			isa = XCSwiftPackageProductDependency;
			package = 900ACCF52E1C9E6200FFE3EC /* XCRemoteSwiftPackageReference "GoogleSignIn-iOS" */;
			productName = GoogleSignInSwift;
		};
		900ACCFB2E1C9F9500FFE3EC /* FirebaseAnalytics */ = {
			isa = XCSwiftPackageProductDependency;
			package = 900ACCFA2E1C9F9500FFE3EC /* XCRemoteSwiftPackageReference "firebase-ios-sdk" */;
			productName = FirebaseAnalytics;
		};
		900ACCFD2E1C9F9500FFE3EC /* FirebaseAuth */ = {
			isa = XCSwiftPackageProductDependency;
			package = 900ACCFA2E1C9F9500FFE3EC /* XCRemoteSwiftPackageReference "firebase-ios-sdk" */;
			productName = FirebaseAuth;
		};
		900ACCFF2E1C9F9500FFE3EC /* FirebaseCore */ = {
			isa = XCSwiftPackageProductDependency;
			package = 900ACCFA2E1C9F9500FFE3EC /* XCRemoteSwiftPackageReference "firebase-ios-sdk" */;
			productName = FirebaseCore;
		};
		900ACD012E1C9F9500FFE3EC /* FirebaseFirestore */ = {
			isa = XCSwiftPackageProductDependency;
			package = 900ACCFA2E1C9F9500FFE3EC /* XCRemoteSwiftPackageReference "firebase-ios-sdk" */;
			productName = FirebaseFirestore;
		};
/* End XCSwiftPackageProductDependency section */
	};
	rootObject = 908302B22E1C09EA00985709 /* Project object */;
}
